
Microsoft Visual Studio Solution File, Format Version 12.00
# Visual Studio Version 17
VisualStudioVersion = 17.5.002.0
MinimumVisualStudioVersion = 10.0.40219.1
Project("{9A19103F-16F7-4668-BE54-9A1E7A4F7556}") = "Northwind.EntityModels", "Northwind.EntityModels\Northwind.EntityModels.csproj", "{E1907E4E-CF4C-4BD7-A1EF-AA240EF3DDDB}"
EndProject
Project("{FAE04EC0-301F-11D3-BF4B-00C04F79EFBC}") = "Northwind.DataContext", "Northwind.DataContext\Northwind.DataContext.csproj", "{410584FC-C456-447B-9035-308EA4297621}"
EndProject
Project("{FAE04EC0-301F-11D3-BF4B-00C04F79EFBC}") = "Northwind.Tests", "Northwind.Tests\Northwind.Tests.csproj", "{FC8F9A68-1D79-42A1-9A54-1519433DF0D8}"
EndProject
Global
	GlobalSection(SolutionConfigurationPlatforms) = preSolution
		Debug|Any CPU = Debug|Any CPU
		Release|Any CPU = Release|Any CPU
	EndGlobalSection
	GlobalSection(ProjectConfigurationPlatforms) = postSolution
		{E1907E4E-CF4C-4BD7-A1EF-AA240EF3DDDB}.Debug|Any CPU.ActiveCfg = Debug|Any CPU
		{E1907E4E-CF4C-4BD7-A1EF-AA240EF3DDDB}.Debug|Any CPU.Build.0 = Debug|Any CPU
		{E1907E4E-CF4C-4BD7-A1EF-AA240EF3DDDB}.Release|Any CPU.ActiveCfg = Release|Any CPU
		{E1907E4E-CF4C-4BD7-A1EF-AA240EF3DDDB}.Release|Any CPU.Build.0 = Release|Any CPU
		{410584FC-C456-447B-9035-308EA4297621}.Debug|Any CPU.ActiveCfg = Debug|Any CPU
		{410584FC-C456-447B-9035-308EA4297621}.Debug|Any CPU.Build.0 = Debug|Any CPU
		{410584FC-C456-447B-9035-308EA4297621}.Release|Any CPU.ActiveCfg = Release|Any CPU
		{410584FC-C456-447B-9035-308EA4297621}.Release|Any CPU.Build.0 = Release|Any CPU
		{FC8F9A68-1D79-42A1-9A54-1519433DF0D8}.Debug|Any CPU.ActiveCfg = Debug|Any CPU
		{FC8F9A68-1D79-42A1-9A54-1519433DF0D8}.Debug|Any CPU.Build.0 = Debug|Any CPU
		{FC8F9A68-1D79-42A1-9A54-1519433DF0D8}.Release|Any CPU.ActiveCfg = Release|Any CPU
		{FC8F9A68-1D79-42A1-9A54-1519433DF0D8}.Release|Any CPU.Build.0 = Release|Any CPU
	EndGlobalSection
	GlobalSection(SolutionProperties) = preSolution
		HideSolutionNode = FALSE
	EndGlobalSection
	GlobalSection(ExtensibilityGlobals) = postSolution
		SolutionGuid = {5569FCCB-2D52-46A3-87DD-C076B48FE039}
	EndGlobalSection
EndGlobal
